
Microsoft Visual Studio Solution File, Format Version 12.00
# Visual Studio Version 17
VisualStudioVersion = 17.7.34031.279
MinimumVisualStudioVersion = 10.0.40219.1
Project("{8BC9CEB8-8B4A-11D0-8D11-00A0C91BC942}") = "P2_C++SUMATORIA8DENTEROS_REYES", "P2_C++SUMATORIA8DENTEROS_REYES\P2_C++SUMATORIA8DENTEROS_REYES.vcxproj", "{A687354A-CEF3-4A73-846C-643386971D5B}"
EndProject
Global
	GlobalSection(SolutionConfigurationPlatforms) = preSolution
		Debug|x64 = Debug|x64
		Debug|x86 = Debug|x86
		Release|x64 = Release|x64
		Release|x86 = Release|x86
	EndGlobalSection
	GlobalSection(ProjectConfigurationPlatforms) = postSolution
		{A687354A-CEF3-4A73-846C-643386971D5B}.Debug|x64.ActiveCfg = Debug|x64
		{A687354A-CEF3-4A73-846C-643386971D5B}.Debug|x64.Build.0 = Debug|x64
		{A687354A-CEF3-4A73-846C-643386971D5B}.Debug|x86.ActiveCfg = Debug|Win32
		{A687354A-CEF3-4A73-846C-643386971D5B}.Debug|x86.Build.0 = Debug|Win32
		{A687354A-CEF3-4A73-846C-643386971D5B}.Release|x64.ActiveCfg = Release|x64
		{A687354A-CEF3-4A73-846C-643386971D5B}.Release|x64.Build.0 = Release|x64
		{A687354A-CEF3-4A73-846C-643386971D5B}.Release|x86.ActiveCfg = Release|Win32
		{A687354A-CEF3-4A73-846C-643386971D5B}.Release|x86.Build.0 = Release|Win32
	EndGlobalSection
	GlobalSection(SolutionProperties) = preSolution
		HideSolutionNode = FALSE
	EndGlobalSection
	GlobalSection(ExtensibilityGlobals) = postSolution
		SolutionGuid = {B7D9D256-050F-4E88-8282-B0A1F2530441}
	EndGlobalSection
EndGlobal
