
Microsoft Visual Studio Solution File, Format Version 12.00
# Visual Studio Version 17
VisualStudioVersion = 17.7.34031.279
MinimumVisualStudioVersion = 10.0.40219.1
Project("{888888A0-9F3D-457C-B088-3A5042F75D52}") = "P3_PYTHON Ejemplos de Arreglos", "P3_PYTHON Ejemplos de Arreglos\P3_PYTHON Ejemplos de Arreglos.pyproj", "{8EE790D0-5020-4CDB-9FD1-AB0EF8F36EE6}"
EndProject
Global
	GlobalSection(SolutionConfigurationPlatforms) = preSolution
		Debug|Any CPU = Debug|Any CPU
		Release|Any CPU = Release|Any CPU
	EndGlobalSection
	GlobalSection(ProjectConfigurationPlatforms) = postSolution
		{8EE790D0-5020-4CDB-9FD1-AB0EF8F36EE6}.Debug|Any CPU.ActiveCfg = Debug|Any CPU
		{8EE790D0-5020-4CDB-9FD1-AB0EF8F36EE6}.Release|Any CPU.ActiveCfg = Release|Any CPU
	EndGlobalSection
	GlobalSection(SolutionProperties) = preSolution
		HideSolutionNode = FALSE
	EndGlobalSection
	GlobalSection(ExtensibilityGlobals) = postSolution
		SolutionGuid = {A892AB5F-4F82-4E09-A2E4-4D04FD952AEB}
	EndGlobalSection
EndGlobal
