
Microsoft Visual Studio Solution File, Format Version 12.00
# Visual Studio Version 17
VisualStudioVersion = 17.7.34031.279
MinimumVisualStudioVersion = 10.0.40219.1
Project("{FAE04EC0-301F-11D3-BF4B-00C04F79EFBC}") = "P11_C# Ejercicios de Recursividad e Iteración", "P11_C# Ejercicios de Recursividad e Iteración\P11_C# Ejercicios de Recursividad e Iteración.csproj", "{14C9B1B8-88FE-419B-9AE9-F358C80EBF3F}"
EndProject
Global
	GlobalSection(SolutionConfigurationPlatforms) = preSolution
		Debug|Any CPU = Debug|Any CPU
		Release|Any CPU = Release|Any CPU
	EndGlobalSection
	GlobalSection(ProjectConfigurationPlatforms) = postSolution
		{14C9B1B8-88FE-419B-9AE9-F358C80EBF3F}.Debug|Any CPU.ActiveCfg = Debug|Any CPU
		{14C9B1B8-88FE-419B-9AE9-F358C80EBF3F}.Debug|Any CPU.Build.0 = Debug|Any CPU
		{14C9B1B8-88FE-419B-9AE9-F358C80EBF3F}.Release|Any CPU.ActiveCfg = Release|Any CPU
		{14C9B1B8-88FE-419B-9AE9-F358C80EBF3F}.Release|Any CPU.Build.0 = Release|Any CPU
	EndGlobalSection
	GlobalSection(SolutionProperties) = preSolution
		HideSolutionNode = FALSE
	EndGlobalSection
	GlobalSection(ExtensibilityGlobals) = postSolution
		SolutionGuid = {7F3CB4BB-60EF-47D4-9308-0E0F0D4D4856}
	EndGlobalSection
EndGlobal
