
Microsoft Visual Studio Solution File, Format Version 12.00
# Visual Studio Version 17
VisualStudioVersion = 17.7.34031.279
MinimumVisualStudioVersion = 10.0.40219.1
Project("{888888A0-9F3D-457C-B088-3A5042F75D52}") = "P7_PYTHON Pila", "P7_PYTHON Pila\P7_PYTHON Pila.pyproj", "{A7B079CE-D437-4F32-BAF2-933360D1A52E}"
EndProject
Global
	GlobalSection(SolutionConfigurationPlatforms) = preSolution
		Debug|Any CPU = Debug|Any CPU
		Release|Any CPU = Release|Any CPU
	EndGlobalSection
	GlobalSection(ProjectConfigurationPlatforms) = postSolution
		{A7B079CE-D437-4F32-BAF2-933360D1A52E}.Debug|Any CPU.ActiveCfg = Debug|Any CPU
		{A7B079CE-D437-4F32-BAF2-933360D1A52E}.Release|Any CPU.ActiveCfg = Release|Any CPU
	EndGlobalSection
	GlobalSection(SolutionProperties) = preSolution
		HideSolutionNode = FALSE
	EndGlobalSection
	GlobalSection(ExtensibilityGlobals) = postSolution
		SolutionGuid = {373F2E9E-AADF-47CA-AB0A-87005DBF4153}
	EndGlobalSection
EndGlobal
